
Microsoft Visual Studio Solution File, Format Version 12.00
# Visual Studio 14
VisualStudioVersion = 14.0.24720.0
MinimumVisualStudioVersion = 10.0.40219.1
Project("{8BC9CEB8-8B4A-11D0-8D11-00A0C91BC942}") = "CreatePathReg", "CreatePathReg\CreatePathReg.vcxproj", "{28741B3F-9E4E-4D31-9B1F-FD439FADBDE9}"
EndProject
Project("{8BC9CEB8-8B4A-11D0-8D11-00A0C91BC942}") = "Muse", "Muse\Muse.vcxproj", "{1883EE2E-5127-428D-BA7C-4AAD4B25BBEB}"
EndProject
Global
	GlobalSection(SolutionConfigurationPlatforms) = preSolution
		Debug|Mixed Platforms = Debug|Mixed Platforms
		Debug|Win32 = Debug|Win32
		Debug|x64 = Debug|x64
		Release|Mixed Platforms = Release|Mixed Platforms
		Release|Win32 = Release|Win32
		Release|x64 = Release|x64
	EndGlobalSection
	GlobalSection(ProjectConfigurationPlatforms) = postSolution
		{28741B3F-9E4E-4D31-9B1F-FD439FADBDE9}.Debug|Mixed Platforms.ActiveCfg = Debug|Win32
		{28741B3F-9E4E-4D31-9B1F-FD439FADBDE9}.Debug|Mixed Platforms.Build.0 = Debug|Win32
		{28741B3F-9E4E-4D31-9B1F-FD439FADBDE9}.Debug|Win32.ActiveCfg = Debug|Win32
		{28741B3F-9E4E-4D31-9B1F-FD439FADBDE9}.Debug|Win32.Build.0 = Debug|Win32
		{28741B3F-9E4E-4D31-9B1F-FD439FADBDE9}.Debug|x64.ActiveCfg = Debug|x64
		{28741B3F-9E4E-4D31-9B1F-FD439FADBDE9}.Debug|x64.Build.0 = Debug|x64
		{28741B3F-9E4E-4D31-9B1F-FD439FADBDE9}.Release|Mixed Platforms.ActiveCfg = Release|Win32
		{28741B3F-9E4E-4D31-9B1F-FD439FADBDE9}.Release|Mixed Platforms.Build.0 = Release|Win32
		{28741B3F-9E4E-4D31-9B1F-FD439FADBDE9}.Release|Win32.ActiveCfg = Release|Win32
		{28741B3F-9E4E-4D31-9B1F-FD439FADBDE9}.Release|Win32.Build.0 = Release|Win32
		{28741B3F-9E4E-4D31-9B1F-FD439FADBDE9}.Release|x64.ActiveCfg = Release|x64
		{28741B3F-9E4E-4D31-9B1F-FD439FADBDE9}.Release|x64.Build.0 = Release|x64
		{1883EE2E-5127-428D-BA7C-4AAD4B25BBEB}.Debug|Mixed Platforms.ActiveCfg = Debug|Win32
		{1883EE2E-5127-428D-BA7C-4AAD4B25BBEB}.Debug|Mixed Platforms.Build.0 = Debug|Win32
		{1883EE2E-5127-428D-BA7C-4AAD4B25BBEB}.Debug|Win32.ActiveCfg = Debug|Win32
		{1883EE2E-5127-428D-BA7C-4AAD4B25BBEB}.Debug|Win32.Build.0 = Debug|Win32
		{1883EE2E-5127-428D-BA7C-4AAD4B25BBEB}.Debug|x64.ActiveCfg = Debug|x64
		{1883EE2E-5127-428D-BA7C-4AAD4B25BBEB}.Debug|x64.Build.0 = Debug|x64
		{1883EE2E-5127-428D-BA7C-4AAD4B25BBEB}.Release|Mixed Platforms.ActiveCfg = Release|Win32
		{1883EE2E-5127-428D-BA7C-4AAD4B25BBEB}.Release|Mixed Platforms.Build.0 = Release|Win32
		{1883EE2E-5127-428D-BA7C-4AAD4B25BBEB}.Release|Win32.ActiveCfg = Release|Win32
		{1883EE2E-5127-428D-BA7C-4AAD4B25BBEB}.Release|Win32.Build.0 = Release|Win32
		{1883EE2E-5127-428D-BA7C-4AAD4B25BBEB}.Release|x64.ActiveCfg = Release|x64
		{1883EE2E-5127-428D-BA7C-4AAD4B25BBEB}.Release|x64.Build.0 = Release|x64
	EndGlobalSection
	GlobalSection(SolutionProperties) = preSolution
		HideSolutionNode = FALSE
	EndGlobalSection
EndGlobal
